
Microsoft Visual Studio Solution File, Format Version 11.00
# Visual Studio 2010
Project("{FAE04EC0-301F-11D3-BF4B-00C04F79EFBC}") = "ShopNum1.Deploy", "ShopNum1.Deploy.csproj", "{451D02A2-3D2F-4C2B-8785-4FE8231FED19}"
EndProject
Project("{FAE04EC0-301F-11D3-BF4B-00C04F79EFBC}") = "ShopNum1.MultiBaseWebControl", "..\ShopNum1.MultiBaseWebControl\ShopNum1.MultiBaseWebControl.csproj", "{411E8BD3-CEFA-44CE-B7EA-B4BFB8469ECA}"
EndProject
Project("{FAE04EC0-301F-11D3-BF4B-00C04F79EFBC}") = "ShopNum1.DataAccess", "..\ShopNum1.DataAccess\ShopNum1.DataAccess.csproj", "{3B0857FF-69AF-4C64-A219-524877D79726}"
EndProject
Project("{FAE04EC0-301F-11D3-BF4B-00C04F79EFBC}") = "ShopNum1.Encryption", "..\ShopNum1.Encryption\ShopNum1.Encryption.csproj", "{8E4DF3F0-8A89-4FBA-89B7-50E704CC2624}"
EndProject
Project("{FAE04EC0-301F-11D3-BF4B-00C04F79EFBC}") = "ShopNum1MultiEntity", "..\ShopNum1MultiEntity\ShopNum1MultiEntity.csproj", "{C180CC8C-AED3-4536-82DE-16B796633249}"
EndProject
Project("{FAE04EC0-301F-11D3-BF4B-00C04F79EFBC}") = "ShopNum1.ShopInterface", "..\ShopNum1.ShopInterface\ShopNum1.ShopInterface.csproj", "{1DF5E363-1167-4275-AB8B-26179F39933E}"
EndProject
Project("{FAE04EC0-301F-11D3-BF4B-00C04F79EFBC}") = "ShopNum1.Cache", "..\ShopNum1.Cache\ShopNum1.Cache.csproj", "{1800C529-191A-479F-87FB-CE51698C4C44}"
EndProject
Project("{FAE04EC0-301F-11D3-BF4B-00C04F79EFBC}") = "ShopNum1.Interface", "..\ShopNum1.Interface\ShopNum1.Interface.csproj", "{637FD586-553B-4F84-8A8E-AA2883DEB393}"
EndProject
Project("{FAE04EC0-301F-11D3-BF4B-00C04F79EFBC}") = "ShopNum1.MemberWebControl", "..\ShopNum1.MemberWebControl\ShopNum1.MemberWebControl.csproj", "{BDA4BD72-59EB-43B4-A7B6-03465BDACEC9}"
EndProject
Project("{FAE04EC0-301F-11D3-BF4B-00C04F79EFBC}") = "ShopNum1.BusinessLogic", "..\ShopNum1.BusinessLogic\ShopNum1.BusinessLogic.csproj", "{090F4879-20C3-431F-A839-D8BCADB27BC1}"
EndProject
Project("{FAE04EC0-301F-11D3-BF4B-00C04F79EFBC}") = "ShopNum1.AccountWebControl", "..\ShopNum1.AccountWebControl\ShopNum1.AccountWebControl.csproj", "{7F85BB37-189F-4237-833C-8B639ECE1433}"
EndProject
Project("{FAE04EC0-301F-11D3-BF4B-00C04F79EFBC}") = "ShopNum1.Factory", "..\ShopNum1.Factory\ShopNum1.Factory.csproj", "{612ED950-D9CF-498E-882F-CA523DA66716}"
EndProject
Project("{FAE04EC0-301F-11D3-BF4B-00C04F79EFBC}") = "ShopNum1.AdXml", "..\ShopNum1.AdXml\ShopNum1.AdXml.csproj", "{CB491670-ED73-4670-BC4D-C4AFDDCF5D10}"
EndProject
Project("{FAE04EC0-301F-11D3-BF4B-00C04F79EFBC}") = "ShopNum1.ShopBusinessLogic", "..\ShopNum1.ShopBusinessLogic\ShopNum1.ShopBusinessLogic.csproj", "{D5352277-F1DD-4854-9C4A-C936E63B5E31}"
EndProject
Project("{FAE04EC0-301F-11D3-BF4B-00C04F79EFBC}") = "ShopNum1.ShopFactory", "..\ShopNum1.ShopFactory\ShopNum1.ShopFactory.csproj", "{BE4B32F3-4EBC-431D-91AA-EDA5E71B81C1}"
EndProject
Project("{FAE04EC0-301F-11D3-BF4B-00C04F79EFBC}") = "ShopNum1.ShopFeeTemplate", "..\ShopNum1.ShopFeeTemplate\ShopNum1.ShopFeeTemplate.csproj", "{90C7BB13-3801-4543-8CC8-496C7879096D}"
EndProject
Project("{FAE04EC0-301F-11D3-BF4B-00C04F79EFBC}") = "ShopNum1.ShopAdminWebControl", "..\ShopNum1.ShopAdminWebControl\ShopNum1.ShopAdminWebControl.csproj", "{7F7DE754-BB14-40EA-AF68-FF2567B6FC58}"
EndProject
Project("{FAE04EC0-301F-11D3-BF4B-00C04F79EFBC}") = "ShopNum1.DiscuzCommon", "..\ShopNum1.DiscuzCommon\ShopNum1.DiscuzCommon.csproj", "{F6288F1C-826B-47CF-8FAF-C9607D01026A}"
EndProject
Project("{FAE04EC0-301F-11D3-BF4B-00C04F79EFBC}") = "ShopNum1.DiscuzHelper", "..\ShopNum1.DiscuzHelper\ShopNum1.DiscuzHelper.csproj", "{274FEA5D-4E12-4686-9E75-32951F50A5FE}"
EndProject
Project("{FAE04EC0-301F-11D3-BF4B-00C04F79EFBC}") = "ShopNum1.DiscuzToolkit", "..\ShopNum1.DiscuzToolkit\ShopNum1.DiscuzToolkit.csproj", "{C6C631C2-072B-4BE1-A3A9-D2414E4A412B}"
EndProject
Project("{FAE04EC0-301F-11D3-BF4B-00C04F79EFBC}") = "ShopNum1.Email", "..\ShopNum1.Email\ShopNum1.Email.csproj", "{225E6E14-C543-42A9-87B0-3BC77480560D}"
EndProject
Project("{FAE04EC0-301F-11D3-BF4B-00C04F79EFBC}") = "ShopNum1.KuaiDi", "..\ShopNum1.KuaiDi\ShopNum1.KuaiDi.csproj", "{325C1B72-8554-4D89-A92A-8787EE996DF6}"
EndProject
Project("{FAE04EC0-301F-11D3-BF4B-00C04F79EFBC}") = "ShopNum1.SecondEntity", "..\ShopNum1.SecondEntity\ShopNum1.SecondEntity.csproj", "{85D5ABC9-5C7A-4782-9B98-8184E6198EA3}"
EndProject
Project("{FAE04EC0-301F-11D3-BF4B-00C04F79EFBC}") = "ShopNum1.SecondBussinesslogic", "..\ShopNum1.SecondBussinesslogic\ShopNum1.SecondBussinesslogic.csproj", "{6456776B-1EC1-4460-944B-4E7EB9A1139F}"
EndProject
Project("{FAE04EC0-301F-11D3-BF4B-00C04F79EFBC}") = "ShopNum1.SecondAccess", "..\ShopNum1.SecondAccess\ShopNum1.SecondAccess.csproj", "{A4A2621E-ACF7-4374-B697-311FBBEF33FE}"
EndProject
Project("{FAE04EC0-301F-11D3-BF4B-00C04F79EFBC}") = "ShopNum1.SecondRequestCommon", "..\ShopNum1.SecondRequestCommon\ShopNum1.SecondRequestCommon.csproj", "{8C0732D4-8236-4941-AE86-D054092B2637}"
EndProject
Project("{FAE04EC0-301F-11D3-BF4B-00C04F79EFBC}") = "ShopNum1.SecondResponseCommon", "..\ShopNum1.SecondResponseCommon\ShopNum1.SecondResponseCommon.csproj", "{AED959DD-0CD3-4D11-8217-D2E2DD18F1E0}"
EndProject
Project("{FAE04EC0-301F-11D3-BF4B-00C04F79EFBC}") = "ShopNum1.ShopWebControl", "..\ShopNum1.ShopWebControl\ShopNum1.ShopWebControl.csproj", "{A3653D16-732E-49E8-A124-EE684C076928}"
EndProject
Project("{FAE04EC0-301F-11D3-BF4B-00C04F79EFBC}") = "ShopNum1.Payment", "..\ShopNum1.Payment\ShopNum1.Payment.csproj", "{5AC9F7AC-D8AE-471A-A97C-1C7AD251F066}"
EndProject
Project("{FAE04EC0-301F-11D3-BF4B-00C04F79EFBC}") = "ShopNum1.ShopNewWebControl", "..\ShopNum1.ShopNewWebControl\ShopNum1.ShopNewWebControl.csproj", "{207DB0B0-581D-4D0F-AD82-1DE15980946E}"
EndProject
Project("{FAE04EC0-301F-11D3-BF4B-00C04F79EFBC}") = "ShopNum1.WeiXinInterface", "..\ShopNum1.WeiXinInterface\ShopNum1.WeiXinInterface.csproj", "{F5F84579-7974-4E23-89F6-C02A47DDBDAF}"
EndProject
Project("{FAE04EC0-301F-11D3-BF4B-00C04F79EFBC}") = "ShopNum1.WeiXinCommon", "..\ShopNum1.WeiXinCommon\ShopNum1.WeiXinCommon.csproj", "{3166A100-3017-4F1F-9BC5-9C76C8344895}"
EndProject
Project("{FAE04EC0-301F-11D3-BF4B-00C04F79EFBC}") = "ShopNum1.WeiXinBusinessLogic", "..\ShopNum1.WeiXinBusinessLogic\ShopNum1.WeiXinBusinessLogic.csproj", "{680387DD-1451-4782-A45E-D8FE45BCF756}"
EndProject
Project("{FAE04EC0-301F-11D3-BF4B-00C04F79EFBC}") = "ShopNum1.ThirdInterDAL", "..\ShopNum1.ThirdInterDAL\ShopNum1.ThirdInterDAL.csproj", "{BD52335E-1CA7-4361-A93F-C4BEEADA0005}"
EndProject
Project("{FAE04EC0-301F-11D3-BF4B-00C04F79EFBC}") = "ShopNum1.ThirdInterBLL", "..\ShopNum1.ThirdInterBLL\ShopNum1.ThirdInterBLL.csproj", "{9CA9FF29-CB03-4D27-B18A-AB327C9A4CF7}"
EndProject
Project("{FAE04EC0-301F-11D3-BF4B-00C04F79EFBC}") = "ShopNum1.ThirdInterService", "..\ShopNum1.ThirdInterService\ShopNum1.ThirdInterService.csproj", "{C40A5BD0-C752-49E9-AB7C-662698DF4089}"
EndProject
Project("{FAE04EC0-301F-11D3-BF4B-00C04F79EFBC}") = "ShopNum1.Standard.XmlSerializers", "..\ShopNum1.Standard.XmlSerializers\ShopNum1.Standard.XmlSerializers.csproj", "{0C61AAC1-EE0A-44B4-A204-0C100082B878}"
EndProject
Project("{FAE04EC0-301F-11D3-BF4B-00C04F79EFBC}") = "ShopNum1.Standard", "..\ShopNum1.Standard\ShopNum1.Standard.csproj", "{FBF33D3C-6EB7-4D50-90DA-08B352ED8DAD}"
EndProject
Project("{FAE04EC0-301F-11D3-BF4B-00C04F79EFBC}") = "ShopNum1.TbTopCommon", "..\ShopNum1.TbTopCommon\ShopNum1.TbTopCommon.csproj", "{30C0345F-088B-4184-A72E-3950CD57FF34}"
EndProject
Project("{FAE04EC0-301F-11D3-BF4B-00C04F79EFBC}") = "ShopNum1.TbLinq", "..\ShopNum1.TbLinq\ShopNum1.TbLinq.csproj", "{CEB1A80C-2B59-4135-AD74-364981C0B637}"
EndProject
Project("{FAE04EC0-301F-11D3-BF4B-00C04F79EFBC}") = "ShopNum1.TbBusinessEntity", "..\ShopNum1.TbBusinessEntity\ShopNum1.TbBusinessEntity.csproj", "{C61B9E8E-1C9A-4374-91E6-8120577F0991}"
EndProject
Project("{FAE04EC0-301F-11D3-BF4B-00C04F79EFBC}") = "ShopNum1.Common", "..\ShopNum1.Common\ShopNum1.Common.csproj", "{3F01A9DC-7C89-41FD-A758-453E0B50D278}"
EndProject
Project("{FAE04EC0-301F-11D3-BF4B-00C04F79EFBC}") = "ShopNum1.Control", "..\ShopNum1.Control\ShopNum1.Control.csproj", "{E77F6123-B1F8-4078-B03F-3C0CF043E08D}"
EndProject
Project("{FAE04EC0-301F-11D3-BF4B-00C04F79EFBC}") = "ShopNum1.WebControl", "..\ShopNum1.WebControl\ShopNum1.WebControl.csproj", "{9460A0BD-51FE-400E-B9E4-5A6931E16063}"
	ProjectSection(ProjectDependencies) = postProject
		{3166A100-3017-4F1F-9BC5-9C76C8344895} = {3166A100-3017-4F1F-9BC5-9C76C8344895}
		{CEB1A80C-2B59-4135-AD74-364981C0B637} = {CEB1A80C-2B59-4135-AD74-364981C0B637}
		{225E6E14-C543-42A9-87B0-3BC77480560D} = {225E6E14-C543-42A9-87B0-3BC77480560D}
		{A3653D16-732E-49E8-A124-EE684C076928} = {A3653D16-732E-49E8-A124-EE684C076928}
		{F6288F1C-826B-47CF-8FAF-C9607D01026A} = {F6288F1C-826B-47CF-8FAF-C9607D01026A}
		{A4A2621E-ACF7-4374-B697-311FBBEF33FE} = {A4A2621E-ACF7-4374-B697-311FBBEF33FE}
		{E77F6123-B1F8-4078-B03F-3C0CF043E08D} = {E77F6123-B1F8-4078-B03F-3C0CF043E08D}
		{1800C529-191A-479F-87FB-CE51698C4C44} = {1800C529-191A-479F-87FB-CE51698C4C44}
		{9CA9FF29-CB03-4D27-B18A-AB327C9A4CF7} = {9CA9FF29-CB03-4D27-B18A-AB327C9A4CF7}
		{7F85BB37-189F-4237-833C-8B639ECE1433} = {7F85BB37-189F-4237-833C-8B639ECE1433}
		{FBF33D3C-6EB7-4D50-90DA-08B352ED8DAD} = {FBF33D3C-6EB7-4D50-90DA-08B352ED8DAD}
		{612ED950-D9CF-498E-882F-CA523DA66716} = {612ED950-D9CF-498E-882F-CA523DA66716}
		{7F7DE754-BB14-40EA-AF68-FF2567B6FC58} = {7F7DE754-BB14-40EA-AF68-FF2567B6FC58}
		{274FEA5D-4E12-4686-9E75-32951F50A5FE} = {274FEA5D-4E12-4686-9E75-32951F50A5FE}
		{BD52335E-1CA7-4361-A93F-C4BEEADA0005} = {BD52335E-1CA7-4361-A93F-C4BEEADA0005}
		{30C0345F-088B-4184-A72E-3950CD57FF34} = {30C0345F-088B-4184-A72E-3950CD57FF34}
		{1DF5E363-1167-4275-AB8B-26179F39933E} = {1DF5E363-1167-4275-AB8B-26179F39933E}
		{6456776B-1EC1-4460-944B-4E7EB9A1139F} = {6456776B-1EC1-4460-944B-4E7EB9A1139F}
		{CB491670-ED73-4670-BC4D-C4AFDDCF5D10} = {CB491670-ED73-4670-BC4D-C4AFDDCF5D10}
		{325C1B72-8554-4D89-A92A-8787EE996DF6} = {325C1B72-8554-4D89-A92A-8787EE996DF6}
		{BDA4BD72-59EB-43B4-A7B6-03465BDACEC9} = {BDA4BD72-59EB-43B4-A7B6-03465BDACEC9}
		{D5352277-F1DD-4854-9C4A-C936E63B5E31} = {D5352277-F1DD-4854-9C4A-C936E63B5E31}
		{F5F84579-7974-4E23-89F6-C02A47DDBDAF} = {F5F84579-7974-4E23-89F6-C02A47DDBDAF}
		{090F4879-20C3-431F-A839-D8BCADB27BC1} = {090F4879-20C3-431F-A839-D8BCADB27BC1}
		{637FD586-553B-4F84-8A8E-AA2883DEB393} = {637FD586-553B-4F84-8A8E-AA2883DEB393}
		{C180CC8C-AED3-4536-82DE-16B796633249} = {C180CC8C-AED3-4536-82DE-16B796633249}
		{C61B9E8E-1C9A-4374-91E6-8120577F0991} = {C61B9E8E-1C9A-4374-91E6-8120577F0991}
		{207DB0B0-581D-4D0F-AD82-1DE15980946E} = {207DB0B0-581D-4D0F-AD82-1DE15980946E}
		{0C61AAC1-EE0A-44B4-A204-0C100082B878} = {0C61AAC1-EE0A-44B4-A204-0C100082B878}
		{C6C631C2-072B-4BE1-A3A9-D2414E4A412B} = {C6C631C2-072B-4BE1-A3A9-D2414E4A412B}
		{85D5ABC9-5C7A-4782-9B98-8184E6198EA3} = {85D5ABC9-5C7A-4782-9B98-8184E6198EA3}
		{C40A5BD0-C752-49E9-AB7C-662698DF4089} = {C40A5BD0-C752-49E9-AB7C-662698DF4089}
		{411E8BD3-CEFA-44CE-B7EA-B4BFB8469ECA} = {411E8BD3-CEFA-44CE-B7EA-B4BFB8469ECA}
		{8C0732D4-8236-4941-AE86-D054092B2637} = {8C0732D4-8236-4941-AE86-D054092B2637}
		{3F01A9DC-7C89-41FD-A758-453E0B50D278} = {3F01A9DC-7C89-41FD-A758-453E0B50D278}
		{AED959DD-0CD3-4D11-8217-D2E2DD18F1E0} = {AED959DD-0CD3-4D11-8217-D2E2DD18F1E0}
		{680387DD-1451-4782-A45E-D8FE45BCF756} = {680387DD-1451-4782-A45E-D8FE45BCF756}
		{8E4DF3F0-8A89-4FBA-89B7-50E704CC2624} = {8E4DF3F0-8A89-4FBA-89B7-50E704CC2624}
		{BE4B32F3-4EBC-431D-91AA-EDA5E71B81C1} = {BE4B32F3-4EBC-431D-91AA-EDA5E71B81C1}
		{3B0857FF-69AF-4C64-A219-524877D79726} = {3B0857FF-69AF-4C64-A219-524877D79726}
	EndProjectSection
EndProject
Project("{FAE04EC0-301F-11D3-BF4B-00C04F79EFBC}") = "ShopNum1.MobileService", "..\ShopNum1.MobileService\ShopNum1.MobileService.csproj", "{FDDEA28B-7357-4EDE-AFCD-8B6841221626}"
EndProject
Project("{FAE04EC0-301F-11D3-BF4B-00C04F79EFBC}") = "ShopNum1.Webservice", "..\ShopNum1.Webservice\ShopNum1.Webservice.csproj", "{CD97CEED-4D08-4D5A-A29C-299E47E0A9B7}"
EndProject
Project("{FAE04EC0-301F-11D3-BF4B-00C04F79EFBC}") = "AopSdk", "..\ShopNum1.AopSdk\AopSdk.csproj", "{9C11CAE5-5188-4E71-825B-68FC3135728A}"
EndProject
Global
	GlobalSection(SolutionConfigurationPlatforms) = preSolution
		Debug|Any CPU = Debug|Any CPU
		Debug|Mixed Platforms = Debug|Mixed Platforms
		Debug|x86 = Debug|x86
		Release|Any CPU = Release|Any CPU
		Release|Mixed Platforms = Release|Mixed Platforms
		Release|x86 = Release|x86
	EndGlobalSection
	GlobalSection(ProjectConfigurationPlatforms) = postSolution
		{451D02A2-3D2F-4C2B-8785-4FE8231FED19}.Debug|Any CPU.ActiveCfg = Debug|Any CPU
		{451D02A2-3D2F-4C2B-8785-4FE8231FED19}.Debug|Any CPU.Build.0 = Debug|Any CPU
		{451D02A2-3D2F-4C2B-8785-4FE8231FED19}.Debug|Mixed Platforms.ActiveCfg = Debug|Any CPU
		{451D02A2-3D2F-4C2B-8785-4FE8231FED19}.Debug|Mixed Platforms.Build.0 = Debug|Any CPU
		{451D02A2-3D2F-4C2B-8785-4FE8231FED19}.Debug|x86.ActiveCfg = Debug|Any CPU
		{451D02A2-3D2F-4C2B-8785-4FE8231FED19}.Release|Any CPU.ActiveCfg = Release|Any CPU
		{451D02A2-3D2F-4C2B-8785-4FE8231FED19}.Release|Any CPU.Build.0 = Release|Any CPU
		{451D02A2-3D2F-4C2B-8785-4FE8231FED19}.Release|Mixed Platforms.ActiveCfg = Release|Any CPU
		{451D02A2-3D2F-4C2B-8785-4FE8231FED19}.Release|Mixed Platforms.Build.0 = Release|Any CPU
		{451D02A2-3D2F-4C2B-8785-4FE8231FED19}.Release|x86.ActiveCfg = Release|Any CPU
		{411E8BD3-CEFA-44CE-B7EA-B4BFB8469ECA}.Debug|Any CPU.ActiveCfg = Debug|x86
		{411E8BD3-CEFA-44CE-B7EA-B4BFB8469ECA}.Debug|Mixed Platforms.ActiveCfg = Debug|x86
		{411E8BD3-CEFA-44CE-B7EA-B4BFB8469ECA}.Debug|Mixed Platforms.Build.0 = Debug|x86
		{411E8BD3-CEFA-44CE-B7EA-B4BFB8469ECA}.Debug|x86.ActiveCfg = Debug|x86
		{411E8BD3-CEFA-44CE-B7EA-B4BFB8469ECA}.Debug|x86.Build.0 = Debug|x86
		{411E8BD3-CEFA-44CE-B7EA-B4BFB8469ECA}.Release|Any CPU.ActiveCfg = Release|x86
		{411E8BD3-CEFA-44CE-B7EA-B4BFB8469ECA}.Release|Mixed Platforms.ActiveCfg = Release|x86
		{411E8BD3-CEFA-44CE-B7EA-B4BFB8469ECA}.Release|Mixed Platforms.Build.0 = Release|x86
		{411E8BD3-CEFA-44CE-B7EA-B4BFB8469ECA}.Release|x86.ActiveCfg = Release|x86
		{411E8BD3-CEFA-44CE-B7EA-B4BFB8469ECA}.Release|x86.Build.0 = Release|x86
		{3B0857FF-69AF-4C64-A219-524877D79726}.Debug|Any CPU.ActiveCfg = Debug|x86
		{3B0857FF-69AF-4C64-A219-524877D79726}.Debug|Mixed Platforms.ActiveCfg = Debug|x86
		{3B0857FF-69AF-4C64-A219-524877D79726}.Debug|Mixed Platforms.Build.0 = Debug|x86
		{3B0857FF-69AF-4C64-A219-524877D79726}.Debug|x86.ActiveCfg = Debug|x86
		{3B0857FF-69AF-4C64-A219-524877D79726}.Debug|x86.Build.0 = Debug|x86
		{3B0857FF-69AF-4C64-A219-524877D79726}.Release|Any CPU.ActiveCfg = Release|x86
		{3B0857FF-69AF-4C64-A219-524877D79726}.Release|Mixed Platforms.ActiveCfg = Release|x86
		{3B0857FF-69AF-4C64-A219-524877D79726}.Release|Mixed Platforms.Build.0 = Release|x86
		{3B0857FF-69AF-4C64-A219-524877D79726}.Release|x86.ActiveCfg = Release|x86
		{3B0857FF-69AF-4C64-A219-524877D79726}.Release|x86.Build.0 = Release|x86
		{8E4DF3F0-8A89-4FBA-89B7-50E704CC2624}.Debug|Any CPU.ActiveCfg = Debug|x86
		{8E4DF3F0-8A89-4FBA-89B7-50E704CC2624}.Debug|Mixed Platforms.ActiveCfg = Debug|x86
		{8E4DF3F0-8A89-4FBA-89B7-50E704CC2624}.Debug|Mixed Platforms.Build.0 = Debug|x86
		{8E4DF3F0-8A89-4FBA-89B7-50E704CC2624}.Debug|x86.ActiveCfg = Debug|x86
		{8E4DF3F0-8A89-4FBA-89B7-50E704CC2624}.Debug|x86.Build.0 = Debug|x86
		{8E4DF3F0-8A89-4FBA-89B7-50E704CC2624}.Release|Any CPU.ActiveCfg = Release|x86
		{8E4DF3F0-8A89-4FBA-89B7-50E704CC2624}.Release|Mixed Platforms.ActiveCfg = Release|x86
		{8E4DF3F0-8A89-4FBA-89B7-50E704CC2624}.Release|Mixed Platforms.Build.0 = Release|x86
		{8E4DF3F0-8A89-4FBA-89B7-50E704CC2624}.Release|x86.ActiveCfg = Release|x86
		{8E4DF3F0-8A89-4FBA-89B7-50E704CC2624}.Release|x86.Build.0 = Release|x86
		{C180CC8C-AED3-4536-82DE-16B796633249}.Debug|Any CPU.ActiveCfg = Debug|x86
		{C180CC8C-AED3-4536-82DE-16B796633249}.Debug|Mixed Platforms.ActiveCfg = Debug|x86
		{C180CC8C-AED3-4536-82DE-16B796633249}.Debug|Mixed Platforms.Build.0 = Debug|x86
		{C180CC8C-AED3-4536-82DE-16B796633249}.Debug|x86.ActiveCfg = Debug|x86
		{C180CC8C-AED3-4536-82DE-16B796633249}.Debug|x86.Build.0 = Debug|x86
		{C180CC8C-AED3-4536-82DE-16B796633249}.Release|Any CPU.ActiveCfg = Release|x86
		{C180CC8C-AED3-4536-82DE-16B796633249}.Release|Mixed Platforms.ActiveCfg = Release|x86
		{C180CC8C-AED3-4536-82DE-16B796633249}.Release|Mixed Platforms.Build.0 = Release|x86
		{C180CC8C-AED3-4536-82DE-16B796633249}.Release|x86.ActiveCfg = Release|x86
		{C180CC8C-AED3-4536-82DE-16B796633249}.Release|x86.Build.0 = Release|x86
		{1DF5E363-1167-4275-AB8B-26179F39933E}.Debug|Any CPU.ActiveCfg = Debug|x86
		{1DF5E363-1167-4275-AB8B-26179F39933E}.Debug|Mixed Platforms.ActiveCfg = Debug|x86
		{1DF5E363-1167-4275-AB8B-26179F39933E}.Debug|Mixed Platforms.Build.0 = Debug|x86
		{1DF5E363-1167-4275-AB8B-26179F39933E}.Debug|x86.ActiveCfg = Debug|x86
		{1DF5E363-1167-4275-AB8B-26179F39933E}.Debug|x86.Build.0 = Debug|x86
		{1DF5E363-1167-4275-AB8B-26179F39933E}.Release|Any CPU.ActiveCfg = Release|x86
		{1DF5E363-1167-4275-AB8B-26179F39933E}.Release|Mixed Platforms.ActiveCfg = Release|x86
		{1DF5E363-1167-4275-AB8B-26179F39933E}.Release|Mixed Platforms.Build.0 = Release|x86
		{1DF5E363-1167-4275-AB8B-26179F39933E}.Release|x86.ActiveCfg = Release|x86
		{1DF5E363-1167-4275-AB8B-26179F39933E}.Release|x86.Build.0 = Release|x86
		{1800C529-191A-479F-87FB-CE51698C4C44}.Debug|Any CPU.ActiveCfg = Debug|x86
		{1800C529-191A-479F-87FB-CE51698C4C44}.Debug|Mixed Platforms.ActiveCfg = Debug|x86
		{1800C529-191A-479F-87FB-CE51698C4C44}.Debug|Mixed Platforms.Build.0 = Debug|x86
		{1800C529-191A-479F-87FB-CE51698C4C44}.Debug|x86.ActiveCfg = Debug|x86
		{1800C529-191A-479F-87FB-CE51698C4C44}.Debug|x86.Build.0 = Debug|x86
		{1800C529-191A-479F-87FB-CE51698C4C44}.Release|Any CPU.ActiveCfg = Release|x86
		{1800C529-191A-479F-87FB-CE51698C4C44}.Release|Mixed Platforms.ActiveCfg = Release|x86
		{1800C529-191A-479F-87FB-CE51698C4C44}.Release|Mixed Platforms.Build.0 = Release|x86
		{1800C529-191A-479F-87FB-CE51698C4C44}.Release|x86.ActiveCfg = Release|x86
		{1800C529-191A-479F-87FB-CE51698C4C44}.Release|x86.Build.0 = Release|x86
		{637FD586-553B-4F84-8A8E-AA2883DEB393}.Debug|Any CPU.ActiveCfg = Debug|x86
		{637FD586-553B-4F84-8A8E-AA2883DEB393}.Debug|Mixed Platforms.ActiveCfg = Debug|x86
		{637FD586-553B-4F84-8A8E-AA2883DEB393}.Debug|Mixed Platforms.Build.0 = Debug|x86
		{637FD586-553B-4F84-8A8E-AA2883DEB393}.Debug|x86.ActiveCfg = Debug|x86
		{637FD586-553B-4F84-8A8E-AA2883DEB393}.Debug|x86.Build.0 = Debug|x86
		{637FD586-553B-4F84-8A8E-AA2883DEB393}.Release|Any CPU.ActiveCfg = Release|x86
		{637FD586-553B-4F84-8A8E-AA2883DEB393}.Release|Mixed Platforms.ActiveCfg = Release|x86
		{637FD586-553B-4F84-8A8E-AA2883DEB393}.Release|Mixed Platforms.Build.0 = Release|x86
		{637FD586-553B-4F84-8A8E-AA2883DEB393}.Release|x86.ActiveCfg = Release|x86
		{637FD586-553B-4F84-8A8E-AA2883DEB393}.Release|x86.Build.0 = Release|x86
		{BDA4BD72-59EB-43B4-A7B6-03465BDACEC9}.Debug|Any CPU.ActiveCfg = Debug|x86
		{BDA4BD72-59EB-43B4-A7B6-03465BDACEC9}.Debug|Mixed Platforms.ActiveCfg = Debug|x86
		{BDA4BD72-59EB-43B4-A7B6-03465BDACEC9}.Debug|Mixed Platforms.Build.0 = Debug|x86
		{BDA4BD72-59EB-43B4-A7B6-03465BDACEC9}.Debug|x86.ActiveCfg = Debug|x86
		{BDA4BD72-59EB-43B4-A7B6-03465BDACEC9}.Debug|x86.Build.0 = Debug|x86
		{BDA4BD72-59EB-43B4-A7B6-03465BDACEC9}.Release|Any CPU.ActiveCfg = Release|x86
		{BDA4BD72-59EB-43B4-A7B6-03465BDACEC9}.Release|Mixed Platforms.ActiveCfg = Release|x86
		{BDA4BD72-59EB-43B4-A7B6-03465BDACEC9}.Release|Mixed Platforms.Build.0 = Release|x86
		{BDA4BD72-59EB-43B4-A7B6-03465BDACEC9}.Release|x86.ActiveCfg = Release|x86
		{BDA4BD72-59EB-43B4-A7B6-03465BDACEC9}.Release|x86.Build.0 = Release|x86
		{090F4879-20C3-431F-A839-D8BCADB27BC1}.Debug|Any CPU.ActiveCfg = Debug|x86
		{090F4879-20C3-431F-A839-D8BCADB27BC1}.Debug|Mixed Platforms.ActiveCfg = Debug|x86
		{090F4879-20C3-431F-A839-D8BCADB27BC1}.Debug|Mixed Platforms.Build.0 = Debug|x86
		{090F4879-20C3-431F-A839-D8BCADB27BC1}.Debug|x86.ActiveCfg = Debug|x86
		{090F4879-20C3-431F-A839-D8BCADB27BC1}.Debug|x86.Build.0 = Debug|x86
		{090F4879-20C3-431F-A839-D8BCADB27BC1}.Release|Any CPU.ActiveCfg = Release|x86
		{090F4879-20C3-431F-A839-D8BCADB27BC1}.Release|Mixed Platforms.ActiveCfg = Release|x86
		{090F4879-20C3-431F-A839-D8BCADB27BC1}.Release|Mixed Platforms.Build.0 = Release|x86
		{090F4879-20C3-431F-A839-D8BCADB27BC1}.Release|x86.ActiveCfg = Release|x86
		{090F4879-20C3-431F-A839-D8BCADB27BC1}.Release|x86.Build.0 = Release|x86
		{7F85BB37-189F-4237-833C-8B639ECE1433}.Debug|Any CPU.ActiveCfg = Debug|x86
		{7F85BB37-189F-4237-833C-8B639ECE1433}.Debug|Mixed Platforms.ActiveCfg = Debug|x86
		{7F85BB37-189F-4237-833C-8B639ECE1433}.Debug|Mixed Platforms.Build.0 = Debug|x86
		{7F85BB37-189F-4237-833C-8B639ECE1433}.Debug|x86.ActiveCfg = Debug|x86
		{7F85BB37-189F-4237-833C-8B639ECE1433}.Debug|x86.Build.0 = Debug|x86
		{7F85BB37-189F-4237-833C-8B639ECE1433}.Release|Any CPU.ActiveCfg = Release|x86
		{7F85BB37-189F-4237-833C-8B639ECE1433}.Release|Mixed Platforms.ActiveCfg = Release|x86
		{7F85BB37-189F-4237-833C-8B639ECE1433}.Release|Mixed Platforms.Build.0 = Release|x86
		{7F85BB37-189F-4237-833C-8B639ECE1433}.Release|x86.ActiveCfg = Release|x86
		{7F85BB37-189F-4237-833C-8B639ECE1433}.Release|x86.Build.0 = Release|x86
		{612ED950-D9CF-498E-882F-CA523DA66716}.Debug|Any CPU.ActiveCfg = Debug|x86
		{612ED950-D9CF-498E-882F-CA523DA66716}.Debug|Mixed Platforms.ActiveCfg = Debug|x86
		{612ED950-D9CF-498E-882F-CA523DA66716}.Debug|Mixed Platforms.Build.0 = Debug|x86
		{612ED950-D9CF-498E-882F-CA523DA66716}.Debug|x86.ActiveCfg = Debug|x86
		{612ED950-D9CF-498E-882F-CA523DA66716}.Debug|x86.Build.0 = Debug|x86
		{612ED950-D9CF-498E-882F-CA523DA66716}.Release|Any CPU.ActiveCfg = Release|x86
		{612ED950-D9CF-498E-882F-CA523DA66716}.Release|Mixed Platforms.ActiveCfg = Release|x86
		{612ED950-D9CF-498E-882F-CA523DA66716}.Release|Mixed Platforms.Build.0 = Release|x86
		{612ED950-D9CF-498E-882F-CA523DA66716}.Release|x86.ActiveCfg = Release|x86
		{612ED950-D9CF-498E-882F-CA523DA66716}.Release|x86.Build.0 = Release|x86
		{CB491670-ED73-4670-BC4D-C4AFDDCF5D10}.Debug|Any CPU.ActiveCfg = Debug|x86
		{CB491670-ED73-4670-BC4D-C4AFDDCF5D10}.Debug|Mixed Platforms.ActiveCfg = Debug|x86
		{CB491670-ED73-4670-BC4D-C4AFDDCF5D10}.Debug|Mixed Platforms.Build.0 = Debug|x86
		{CB491670-ED73-4670-BC4D-C4AFDDCF5D10}.Debug|x86.ActiveCfg = Debug|x86
		{CB491670-ED73-4670-BC4D-C4AFDDCF5D10}.Debug|x86.Build.0 = Debug|x86
		{CB491670-ED73-4670-BC4D-C4AFDDCF5D10}.Release|Any CPU.ActiveCfg = Release|x86
		{CB491670-ED73-4670-BC4D-C4AFDDCF5D10}.Release|Mixed Platforms.ActiveCfg = Release|x86
		{CB491670-ED73-4670-BC4D-C4AFDDCF5D10}.Release|Mixed Platforms.Build.0 = Release|x86
		{CB491670-ED73-4670-BC4D-C4AFDDCF5D10}.Release|x86.ActiveCfg = Release|x86
		{CB491670-ED73-4670-BC4D-C4AFDDCF5D10}.Release|x86.Build.0 = Release|x86
		{D5352277-F1DD-4854-9C4A-C936E63B5E31}.Debug|Any CPU.ActiveCfg = Debug|x86
		{D5352277-F1DD-4854-9C4A-C936E63B5E31}.Debug|Mixed Platforms.ActiveCfg = Debug|x86
		{D5352277-F1DD-4854-9C4A-C936E63B5E31}.Debug|Mixed Platforms.Build.0 = Debug|x86
		{D5352277-F1DD-4854-9C4A-C936E63B5E31}.Debug|x86.ActiveCfg = Debug|x86
		{D5352277-F1DD-4854-9C4A-C936E63B5E31}.Debug|x86.Build.0 = Debug|x86
		{D5352277-F1DD-4854-9C4A-C936E63B5E31}.Release|Any CPU.ActiveCfg = Release|x86
		{D5352277-F1DD-4854-9C4A-C936E63B5E31}.Release|Mixed Platforms.ActiveCfg = Release|x86
		{D5352277-F1DD-4854-9C4A-C936E63B5E31}.Release|Mixed Platforms.Build.0 = Release|x86
		{D5352277-F1DD-4854-9C4A-C936E63B5E31}.Release|x86.ActiveCfg = Release|x86
		{D5352277-F1DD-4854-9C4A-C936E63B5E31}.Release|x86.Build.0 = Release|x86
		{BE4B32F3-4EBC-431D-91AA-EDA5E71B81C1}.Debug|Any CPU.ActiveCfg = Debug|x86
		{BE4B32F3-4EBC-431D-91AA-EDA5E71B81C1}.Debug|Mixed Platforms.ActiveCfg = Debug|x86
		{BE4B32F3-4EBC-431D-91AA-EDA5E71B81C1}.Debug|Mixed Platforms.Build.0 = Debug|x86
		{BE4B32F3-4EBC-431D-91AA-EDA5E71B81C1}.Debug|x86.ActiveCfg = Debug|x86
		{BE4B32F3-4EBC-431D-91AA-EDA5E71B81C1}.Debug|x86.Build.0 = Debug|x86
		{BE4B32F3-4EBC-431D-91AA-EDA5E71B81C1}.Release|Any CPU.ActiveCfg = Release|x86
		{BE4B32F3-4EBC-431D-91AA-EDA5E71B81C1}.Release|Mixed Platforms.ActiveCfg = Release|x86
		{BE4B32F3-4EBC-431D-91AA-EDA5E71B81C1}.Release|Mixed Platforms.Build.0 = Release|x86
		{BE4B32F3-4EBC-431D-91AA-EDA5E71B81C1}.Release|x86.ActiveCfg = Release|x86
		{BE4B32F3-4EBC-431D-91AA-EDA5E71B81C1}.Release|x86.Build.0 = Release|x86
		{90C7BB13-3801-4543-8CC8-496C7879096D}.Debug|Any CPU.ActiveCfg = Debug|x86
		{90C7BB13-3801-4543-8CC8-496C7879096D}.Debug|Mixed Platforms.ActiveCfg = Debug|x86
		{90C7BB13-3801-4543-8CC8-496C7879096D}.Debug|Mixed Platforms.Build.0 = Debug|x86
		{90C7BB13-3801-4543-8CC8-496C7879096D}.Debug|x86.ActiveCfg = Debug|x86
		{90C7BB13-3801-4543-8CC8-496C7879096D}.Debug|x86.Build.0 = Debug|x86
		{90C7BB13-3801-4543-8CC8-496C7879096D}.Release|Any CPU.ActiveCfg = Release|x86
		{90C7BB13-3801-4543-8CC8-496C7879096D}.Release|Mixed Platforms.ActiveCfg = Release|x86
		{90C7BB13-3801-4543-8CC8-496C7879096D}.Release|Mixed Platforms.Build.0 = Release|x86
		{90C7BB13-3801-4543-8CC8-496C7879096D}.Release|x86.ActiveCfg = Release|x86
		{90C7BB13-3801-4543-8CC8-496C7879096D}.Release|x86.Build.0 = Release|x86
		{7F7DE754-BB14-40EA-AF68-FF2567B6FC58}.Debug|Any CPU.ActiveCfg = Debug|x86
		{7F7DE754-BB14-40EA-AF68-FF2567B6FC58}.Debug|Mixed Platforms.ActiveCfg = Debug|x86
		{7F7DE754-BB14-40EA-AF68-FF2567B6FC58}.Debug|Mixed Platforms.Build.0 = Debug|x86
		{7F7DE754-BB14-40EA-AF68-FF2567B6FC58}.Debug|x86.ActiveCfg = Debug|x86
		{7F7DE754-BB14-40EA-AF68-FF2567B6FC58}.Debug|x86.Build.0 = Debug|x86
		{7F7DE754-BB14-40EA-AF68-FF2567B6FC58}.Release|Any CPU.ActiveCfg = Release|x86
		{7F7DE754-BB14-40EA-AF68-FF2567B6FC58}.Release|Mixed Platforms.ActiveCfg = Release|x86
		{7F7DE754-BB14-40EA-AF68-FF2567B6FC58}.Release|Mixed Platforms.Build.0 = Release|x86
		{7F7DE754-BB14-40EA-AF68-FF2567B6FC58}.Release|x86.ActiveCfg = Release|x86
		{7F7DE754-BB14-40EA-AF68-FF2567B6FC58}.Release|x86.Build.0 = Release|x86
		{F6288F1C-826B-47CF-8FAF-C9607D01026A}.Debug|Any CPU.ActiveCfg = Debug|x86
		{F6288F1C-826B-47CF-8FAF-C9607D01026A}.Debug|Mixed Platforms.ActiveCfg = Debug|x86
		{F6288F1C-826B-47CF-8FAF-C9607D01026A}.Debug|Mixed Platforms.Build.0 = Debug|x86
		{F6288F1C-826B-47CF-8FAF-C9607D01026A}.Debug|x86.ActiveCfg = Debug|x86
		{F6288F1C-826B-47CF-8FAF-C9607D01026A}.Debug|x86.Build.0 = Debug|x86
		{F6288F1C-826B-47CF-8FAF-C9607D01026A}.Release|Any CPU.ActiveCfg = Release|x86
		{F6288F1C-826B-47CF-8FAF-C9607D01026A}.Release|Mixed Platforms.ActiveCfg = Release|x86
		{F6288F1C-826B-47CF-8FAF-C9607D01026A}.Release|Mixed Platforms.Build.0 = Release|x86
		{F6288F1C-826B-47CF-8FAF-C9607D01026A}.Release|x86.ActiveCfg = Release|x86
		{F6288F1C-826B-47CF-8FAF-C9607D01026A}.Release|x86.Build.0 = Release|x86
		{274FEA5D-4E12-4686-9E75-32951F50A5FE}.Debug|Any CPU.ActiveCfg = Debug|x86
		{274FEA5D-4E12-4686-9E75-32951F50A5FE}.Debug|Mixed Platforms.ActiveCfg = Debug|x86
		{274FEA5D-4E12-4686-9E75-32951F50A5FE}.Debug|Mixed Platforms.Build.0 = Debug|x86
		{274FEA5D-4E12-4686-9E75-32951F50A5FE}.Debug|x86.ActiveCfg = Debug|x86
		{274FEA5D-4E12-4686-9E75-32951F50A5FE}.Debug|x86.Build.0 = Debug|x86
		{274FEA5D-4E12-4686-9E75-32951F50A5FE}.Release|Any CPU.ActiveCfg = Release|x86
		{274FEA5D-4E12-4686-9E75-32951F50A5FE}.Release|Mixed Platforms.ActiveCfg = Release|x86
		{274FEA5D-4E12-4686-9E75-32951F50A5FE}.Release|Mixed Platforms.Build.0 = Release|x86
		{274FEA5D-4E12-4686-9E75-32951F50A5FE}.Release|x86.ActiveCfg = Release|x86
		{274FEA5D-4E12-4686-9E75-32951F50A5FE}.Release|x86.Build.0 = Release|x86
		{C6C631C2-072B-4BE1-A3A9-D2414E4A412B}.Debug|Any CPU.ActiveCfg = Debug|x86
		{C6C631C2-072B-4BE1-A3A9-D2414E4A412B}.Debug|Mixed Platforms.ActiveCfg = Debug|x86
		{C6C631C2-072B-4BE1-A3A9-D2414E4A412B}.Debug|Mixed Platforms.Build.0 = Debug|x86
		{C6C631C2-072B-4BE1-A3A9-D2414E4A412B}.Debug|x86.ActiveCfg = Debug|x86
		{C6C631C2-072B-4BE1-A3A9-D2414E4A412B}.Debug|x86.Build.0 = Debug|x86
		{C6C631C2-072B-4BE1-A3A9-D2414E4A412B}.Release|Any CPU.ActiveCfg = Release|x86
		{C6C631C2-072B-4BE1-A3A9-D2414E4A412B}.Release|Mixed Platforms.ActiveCfg = Release|x86
		{C6C631C2-072B-4BE1-A3A9-D2414E4A412B}.Release|Mixed Platforms.Build.0 = Release|x86
		{C6C631C2-072B-4BE1-A3A9-D2414E4A412B}.Release|x86.ActiveCfg = Release|x86
		{C6C631C2-072B-4BE1-A3A9-D2414E4A412B}.Release|x86.Build.0 = Release|x86
		{225E6E14-C543-42A9-87B0-3BC77480560D}.Debug|Any CPU.ActiveCfg = Debug|x86
		{225E6E14-C543-42A9-87B0-3BC77480560D}.Debug|Mixed Platforms.ActiveCfg = Debug|x86
		{225E6E14-C543-42A9-87B0-3BC77480560D}.Debug|Mixed Platforms.Build.0 = Debug|x86
		{225E6E14-C543-42A9-87B0-3BC77480560D}.Debug|x86.ActiveCfg = Debug|x86
		{225E6E14-C543-42A9-87B0-3BC77480560D}.Debug|x86.Build.0 = Debug|x86
		{225E6E14-C543-42A9-87B0-3BC77480560D}.Release|Any CPU.ActiveCfg = Release|x86
		{225E6E14-C543-42A9-87B0-3BC77480560D}.Release|Mixed Platforms.ActiveCfg = Release|x86
		{225E6E14-C543-42A9-87B0-3BC77480560D}.Release|Mixed Platforms.Build.0 = Release|x86
		{225E6E14-C543-42A9-87B0-3BC77480560D}.Release|x86.ActiveCfg = Release|x86
		{225E6E14-C543-42A9-87B0-3BC77480560D}.Release|x86.Build.0 = Release|x86
		{325C1B72-8554-4D89-A92A-8787EE996DF6}.Debug|Any CPU.ActiveCfg = Debug|x86
		{325C1B72-8554-4D89-A92A-8787EE996DF6}.Debug|Mixed Platforms.ActiveCfg = Debug|x86
		{325C1B72-8554-4D89-A92A-8787EE996DF6}.Debug|Mixed Platforms.Build.0 = Debug|x86
		{325C1B72-8554-4D89-A92A-8787EE996DF6}.Debug|x86.ActiveCfg = Debug|x86
		{325C1B72-8554-4D89-A92A-8787EE996DF6}.Debug|x86.Build.0 = Debug|x86
		{325C1B72-8554-4D89-A92A-8787EE996DF6}.Release|Any CPU.ActiveCfg = Release|x86
		{325C1B72-8554-4D89-A92A-8787EE996DF6}.Release|Mixed Platforms.ActiveCfg = Release|x86
		{325C1B72-8554-4D89-A92A-8787EE996DF6}.Release|Mixed Platforms.Build.0 = Release|x86
		{325C1B72-8554-4D89-A92A-8787EE996DF6}.Release|x86.ActiveCfg = Release|x86
		{325C1B72-8554-4D89-A92A-8787EE996DF6}.Release|x86.Build.0 = Release|x86
		{85D5ABC9-5C7A-4782-9B98-8184E6198EA3}.Debug|Any CPU.ActiveCfg = Debug|x86
		{85D5ABC9-5C7A-4782-9B98-8184E6198EA3}.Debug|Mixed Platforms.ActiveCfg = Debug|x86
		{85D5ABC9-5C7A-4782-9B98-8184E6198EA3}.Debug|Mixed Platforms.Build.0 = Debug|x86
		{85D5ABC9-5C7A-4782-9B98-8184E6198EA3}.Debug|x86.ActiveCfg = Debug|x86
		{85D5ABC9-5C7A-4782-9B98-8184E6198EA3}.Debug|x86.Build.0 = Debug|x86
		{85D5ABC9-5C7A-4782-9B98-8184E6198EA3}.Release|Any CPU.ActiveCfg = Release|x86
		{85D5ABC9-5C7A-4782-9B98-8184E6198EA3}.Release|Mixed Platforms.ActiveCfg = Release|x86
		{85D5ABC9-5C7A-4782-9B98-8184E6198EA3}.Release|Mixed Platforms.Build.0 = Release|x86
		{85D5ABC9-5C7A-4782-9B98-8184E6198EA3}.Release|x86.ActiveCfg = Release|x86
		{85D5ABC9-5C7A-4782-9B98-8184E6198EA3}.Release|x86.Build.0 = Release|x86
		{6456776B-1EC1-4460-944B-4E7EB9A1139F}.Debug|Any CPU.ActiveCfg = Debug|x86
		{6456776B-1EC1-4460-944B-4E7EB9A1139F}.Debug|Mixed Platforms.ActiveCfg = Debug|x86
		{6456776B-1EC1-4460-944B-4E7EB9A1139F}.Debug|Mixed Platforms.Build.0 = Debug|x86
		{6456776B-1EC1-4460-944B-4E7EB9A1139F}.Debug|x86.ActiveCfg = Debug|x86
		{6456776B-1EC1-4460-944B-4E7EB9A1139F}.Debug|x86.Build.0 = Debug|x86
		{6456776B-1EC1-4460-944B-4E7EB9A1139F}.Release|Any CPU.ActiveCfg = Release|x86
		{6456776B-1EC1-4460-944B-4E7EB9A1139F}.Release|Mixed Platforms.ActiveCfg = Release|x86
		{6456776B-1EC1-4460-944B-4E7EB9A1139F}.Release|Mixed Platforms.Build.0 = Release|x86
		{6456776B-1EC1-4460-944B-4E7EB9A1139F}.Release|x86.ActiveCfg = Release|x86
		{6456776B-1EC1-4460-944B-4E7EB9A1139F}.Release|x86.Build.0 = Release|x86
		{A4A2621E-ACF7-4374-B697-311FBBEF33FE}.Debug|Any CPU.ActiveCfg = Debug|x86
		{A4A2621E-ACF7-4374-B697-311FBBEF33FE}.Debug|Mixed Platforms.ActiveCfg = Debug|x86
		{A4A2621E-ACF7-4374-B697-311FBBEF33FE}.Debug|Mixed Platforms.Build.0 = Debug|x86
		{A4A2621E-ACF7-4374-B697-311FBBEF33FE}.Debug|x86.ActiveCfg = Debug|x86
		{A4A2621E-ACF7-4374-B697-311FBBEF33FE}.Debug|x86.Build.0 = Debug|x86
		{A4A2621E-ACF7-4374-B697-311FBBEF33FE}.Release|Any CPU.ActiveCfg = Release|x86
		{A4A2621E-ACF7-4374-B697-311FBBEF33FE}.Release|Mixed Platforms.ActiveCfg = Release|x86
		{A4A2621E-ACF7-4374-B697-311FBBEF33FE}.Release|Mixed Platforms.Build.0 = Release|x86
		{A4A2621E-ACF7-4374-B697-311FBBEF33FE}.Release|x86.ActiveCfg = Release|x86
		{A4A2621E-ACF7-4374-B697-311FBBEF33FE}.Release|x86.Build.0 = Release|x86
		{8C0732D4-8236-4941-AE86-D054092B2637}.Debug|Any CPU.ActiveCfg = Debug|x86
		{8C0732D4-8236-4941-AE86-D054092B2637}.Debug|Mixed Platforms.ActiveCfg = Debug|x86
		{8C0732D4-8236-4941-AE86-D054092B2637}.Debug|Mixed Platforms.Build.0 = Debug|x86
		{8C0732D4-8236-4941-AE86-D054092B2637}.Debug|x86.ActiveCfg = Debug|x86
		{8C0732D4-8236-4941-AE86-D054092B2637}.Debug|x86.Build.0 = Debug|x86
		{8C0732D4-8236-4941-AE86-D054092B2637}.Release|Any CPU.ActiveCfg = Release|x86
		{8C0732D4-8236-4941-AE86-D054092B2637}.Release|Mixed Platforms.ActiveCfg = Release|x86
		{8C0732D4-8236-4941-AE86-D054092B2637}.Release|Mixed Platforms.Build.0 = Release|x86
		{8C0732D4-8236-4941-AE86-D054092B2637}.Release|x86.ActiveCfg = Release|x86
		{8C0732D4-8236-4941-AE86-D054092B2637}.Release|x86.Build.0 = Release|x86
		{AED959DD-0CD3-4D11-8217-D2E2DD18F1E0}.Debug|Any CPU.ActiveCfg = Debug|x86
		{AED959DD-0CD3-4D11-8217-D2E2DD18F1E0}.Debug|Mixed Platforms.ActiveCfg = Debug|x86
		{AED959DD-0CD3-4D11-8217-D2E2DD18F1E0}.Debug|Mixed Platforms.Build.0 = Debug|x86
		{AED959DD-0CD3-4D11-8217-D2E2DD18F1E0}.Debug|x86.ActiveCfg = Debug|x86
		{AED959DD-0CD3-4D11-8217-D2E2DD18F1E0}.Debug|x86.Build.0 = Debug|x86
		{AED959DD-0CD3-4D11-8217-D2E2DD18F1E0}.Release|Any CPU.ActiveCfg = Release|x86
		{AED959DD-0CD3-4D11-8217-D2E2DD18F1E0}.Release|Mixed Platforms.ActiveCfg = Release|x86
		{AED959DD-0CD3-4D11-8217-D2E2DD18F1E0}.Release|Mixed Platforms.Build.0 = Release|x86
		{AED959DD-0CD3-4D11-8217-D2E2DD18F1E0}.Release|x86.ActiveCfg = Release|x86
		{AED959DD-0CD3-4D11-8217-D2E2DD18F1E0}.Release|x86.Build.0 = Release|x86
		{A3653D16-732E-49E8-A124-EE684C076928}.Debug|Any CPU.ActiveCfg = Debug|x86
		{A3653D16-732E-49E8-A124-EE684C076928}.Debug|Mixed Platforms.ActiveCfg = Debug|x86
		{A3653D16-732E-49E8-A124-EE684C076928}.Debug|Mixed Platforms.Build.0 = Debug|x86
		{A3653D16-732E-49E8-A124-EE684C076928}.Debug|x86.ActiveCfg = Debug|x86
		{A3653D16-732E-49E8-A124-EE684C076928}.Debug|x86.Build.0 = Debug|x86
		{A3653D16-732E-49E8-A124-EE684C076928}.Release|Any CPU.ActiveCfg = Release|x86
		{A3653D16-732E-49E8-A124-EE684C076928}.Release|Mixed Platforms.ActiveCfg = Release|x86
		{A3653D16-732E-49E8-A124-EE684C076928}.Release|Mixed Platforms.Build.0 = Release|x86
		{A3653D16-732E-49E8-A124-EE684C076928}.Release|x86.ActiveCfg = Release|x86
		{A3653D16-732E-49E8-A124-EE684C076928}.Release|x86.Build.0 = Release|x86
		{5AC9F7AC-D8AE-471A-A97C-1C7AD251F066}.Debug|Any CPU.ActiveCfg = Debug|x86
		{5AC9F7AC-D8AE-471A-A97C-1C7AD251F066}.Debug|Mixed Platforms.ActiveCfg = Debug|x86
		{5AC9F7AC-D8AE-471A-A97C-1C7AD251F066}.Debug|Mixed Platforms.Build.0 = Debug|x86
		{5AC9F7AC-D8AE-471A-A97C-1C7AD251F066}.Debug|x86.ActiveCfg = Debug|x86
		{5AC9F7AC-D8AE-471A-A97C-1C7AD251F066}.Debug|x86.Build.0 = Debug|x86
		{5AC9F7AC-D8AE-471A-A97C-1C7AD251F066}.Release|Any CPU.ActiveCfg = Release|x86
		{5AC9F7AC-D8AE-471A-A97C-1C7AD251F066}.Release|Mixed Platforms.ActiveCfg = Release|x86
		{5AC9F7AC-D8AE-471A-A97C-1C7AD251F066}.Release|Mixed Platforms.Build.0 = Release|x86
		{5AC9F7AC-D8AE-471A-A97C-1C7AD251F066}.Release|x86.ActiveCfg = Release|x86
		{5AC9F7AC-D8AE-471A-A97C-1C7AD251F066}.Release|x86.Build.0 = Release|x86
		{207DB0B0-581D-4D0F-AD82-1DE15980946E}.Debug|Any CPU.ActiveCfg = Debug|x86
		{207DB0B0-581D-4D0F-AD82-1DE15980946E}.Debug|Mixed Platforms.ActiveCfg = Debug|x86
		{207DB0B0-581D-4D0F-AD82-1DE15980946E}.Debug|Mixed Platforms.Build.0 = Debug|x86
		{207DB0B0-581D-4D0F-AD82-1DE15980946E}.Debug|x86.ActiveCfg = Debug|x86
		{207DB0B0-581D-4D0F-AD82-1DE15980946E}.Debug|x86.Build.0 = Debug|x86
		{207DB0B0-581D-4D0F-AD82-1DE15980946E}.Release|Any CPU.ActiveCfg = Release|x86
		{207DB0B0-581D-4D0F-AD82-1DE15980946E}.Release|Mixed Platforms.ActiveCfg = Release|x86
		{207DB0B0-581D-4D0F-AD82-1DE15980946E}.Release|Mixed Platforms.Build.0 = Release|x86
		{207DB0B0-581D-4D0F-AD82-1DE15980946E}.Release|x86.ActiveCfg = Release|x86
		{207DB0B0-581D-4D0F-AD82-1DE15980946E}.Release|x86.Build.0 = Release|x86
		{F5F84579-7974-4E23-89F6-C02A47DDBDAF}.Debug|Any CPU.ActiveCfg = Debug|x86
		{F5F84579-7974-4E23-89F6-C02A47DDBDAF}.Debug|Mixed Platforms.ActiveCfg = Debug|x86
		{F5F84579-7974-4E23-89F6-C02A47DDBDAF}.Debug|Mixed Platforms.Build.0 = Debug|x86
		{F5F84579-7974-4E23-89F6-C02A47DDBDAF}.Debug|x86.ActiveCfg = Debug|x86
		{F5F84579-7974-4E23-89F6-C02A47DDBDAF}.Debug|x86.Build.0 = Debug|x86
		{F5F84579-7974-4E23-89F6-C02A47DDBDAF}.Release|Any CPU.ActiveCfg = Release|x86
		{F5F84579-7974-4E23-89F6-C02A47DDBDAF}.Release|Mixed Platforms.ActiveCfg = Release|x86
		{F5F84579-7974-4E23-89F6-C02A47DDBDAF}.Release|Mixed Platforms.Build.0 = Release|x86
		{F5F84579-7974-4E23-89F6-C02A47DDBDAF}.Release|x86.ActiveCfg = Release|x86
		{F5F84579-7974-4E23-89F6-C02A47DDBDAF}.Release|x86.Build.0 = Release|x86
		{3166A100-3017-4F1F-9BC5-9C76C8344895}.Debug|Any CPU.ActiveCfg = Debug|x86
		{3166A100-3017-4F1F-9BC5-9C76C8344895}.Debug|Mixed Platforms.ActiveCfg = Debug|x86
		{3166A100-3017-4F1F-9BC5-9C76C8344895}.Debug|Mixed Platforms.Build.0 = Debug|x86
		{3166A100-3017-4F1F-9BC5-9C76C8344895}.Debug|x86.ActiveCfg = Debug|x86
		{3166A100-3017-4F1F-9BC5-9C76C8344895}.Debug|x86.Build.0 = Debug|x86
		{3166A100-3017-4F1F-9BC5-9C76C8344895}.Release|Any CPU.ActiveCfg = Release|x86
		{3166A100-3017-4F1F-9BC5-9C76C8344895}.Release|Mixed Platforms.ActiveCfg = Release|x86
		{3166A100-3017-4F1F-9BC5-9C76C8344895}.Release|Mixed Platforms.Build.0 = Release|x86
		{3166A100-3017-4F1F-9BC5-9C76C8344895}.Release|x86.ActiveCfg = Release|x86
		{3166A100-3017-4F1F-9BC5-9C76C8344895}.Release|x86.Build.0 = Release|x86
		{680387DD-1451-4782-A45E-D8FE45BCF756}.Debug|Any CPU.ActiveCfg = Debug|x86
		{680387DD-1451-4782-A45E-D8FE45BCF756}.Debug|Mixed Platforms.ActiveCfg = Debug|x86
		{680387DD-1451-4782-A45E-D8FE45BCF756}.Debug|Mixed Platforms.Build.0 = Debug|x86
		{680387DD-1451-4782-A45E-D8FE45BCF756}.Debug|x86.ActiveCfg = Debug|x86
		{680387DD-1451-4782-A45E-D8FE45BCF756}.Debug|x86.Build.0 = Debug|x86
		{680387DD-1451-4782-A45E-D8FE45BCF756}.Release|Any CPU.ActiveCfg = Release|x86
		{680387DD-1451-4782-A45E-D8FE45BCF756}.Release|Mixed Platforms.ActiveCfg = Release|x86
		{680387DD-1451-4782-A45E-D8FE45BCF756}.Release|Mixed Platforms.Build.0 = Release|x86
		{680387DD-1451-4782-A45E-D8FE45BCF756}.Release|x86.ActiveCfg = Release|x86
		{680387DD-1451-4782-A45E-D8FE45BCF756}.Release|x86.Build.0 = Release|x86
		{BD52335E-1CA7-4361-A93F-C4BEEADA0005}.Debug|Any CPU.ActiveCfg = Debug|x86
		{BD52335E-1CA7-4361-A93F-C4BEEADA0005}.Debug|Mixed Platforms.ActiveCfg = Debug|x86
		{BD52335E-1CA7-4361-A93F-C4BEEADA0005}.Debug|Mixed Platforms.Build.0 = Debug|x86
		{BD52335E-1CA7-4361-A93F-C4BEEADA0005}.Debug|x86.ActiveCfg = Debug|x86
		{BD52335E-1CA7-4361-A93F-C4BEEADA0005}.Debug|x86.Build.0 = Debug|x86
		{BD52335E-1CA7-4361-A93F-C4BEEADA0005}.Release|Any CPU.ActiveCfg = Release|x86
		{BD52335E-1CA7-4361-A93F-C4BEEADA0005}.Release|Mixed Platforms.ActiveCfg = Release|x86
		{BD52335E-1CA7-4361-A93F-C4BEEADA0005}.Release|Mixed Platforms.Build.0 = Release|x86
		{BD52335E-1CA7-4361-A93F-C4BEEADA0005}.Release|x86.ActiveCfg = Release|x86
		{BD52335E-1CA7-4361-A93F-C4BEEADA0005}.Release|x86.Build.0 = Release|x86
		{9CA9FF29-CB03-4D27-B18A-AB327C9A4CF7}.Debug|Any CPU.ActiveCfg = Debug|x86
		{9CA9FF29-CB03-4D27-B18A-AB327C9A4CF7}.Debug|Mixed Platforms.ActiveCfg = Debug|x86
		{9CA9FF29-CB03-4D27-B18A-AB327C9A4CF7}.Debug|Mixed Platforms.Build.0 = Debug|x86
		{9CA9FF29-CB03-4D27-B18A-AB327C9A4CF7}.Debug|x86.ActiveCfg = Debug|x86
		{9CA9FF29-CB03-4D27-B18A-AB327C9A4CF7}.Debug|x86.Build.0 = Debug|x86
		{9CA9FF29-CB03-4D27-B18A-AB327C9A4CF7}.Release|Any CPU.ActiveCfg = Release|x86
		{9CA9FF29-CB03-4D27-B18A-AB327C9A4CF7}.Release|Mixed Platforms.ActiveCfg = Release|x86
		{9CA9FF29-CB03-4D27-B18A-AB327C9A4CF7}.Release|Mixed Platforms.Build.0 = Release|x86
		{9CA9FF29-CB03-4D27-B18A-AB327C9A4CF7}.Release|x86.ActiveCfg = Release|x86
		{9CA9FF29-CB03-4D27-B18A-AB327C9A4CF7}.Release|x86.Build.0 = Release|x86
		{C40A5BD0-C752-49E9-AB7C-662698DF4089}.Debug|Any CPU.ActiveCfg = Debug|x86
		{C40A5BD0-C752-49E9-AB7C-662698DF4089}.Debug|Mixed Platforms.ActiveCfg = Debug|x86
		{C40A5BD0-C752-49E9-AB7C-662698DF4089}.Debug|Mixed Platforms.Build.0 = Debug|x86
		{C40A5BD0-C752-49E9-AB7C-662698DF4089}.Debug|x86.ActiveCfg = Debug|x86
		{C40A5BD0-C752-49E9-AB7C-662698DF4089}.Debug|x86.Build.0 = Debug|x86
		{C40A5BD0-C752-49E9-AB7C-662698DF4089}.Release|Any CPU.ActiveCfg = Release|x86
		{C40A5BD0-C752-49E9-AB7C-662698DF4089}.Release|Mixed Platforms.ActiveCfg = Release|x86
		{C40A5BD0-C752-49E9-AB7C-662698DF4089}.Release|Mixed Platforms.Build.0 = Release|x86
		{C40A5BD0-C752-49E9-AB7C-662698DF4089}.Release|x86.ActiveCfg = Release|x86
		{C40A5BD0-C752-49E9-AB7C-662698DF4089}.Release|x86.Build.0 = Release|x86
		{0C61AAC1-EE0A-44B4-A204-0C100082B878}.Debug|Any CPU.ActiveCfg = Debug|x86
		{0C61AAC1-EE0A-44B4-A204-0C100082B878}.Debug|Mixed Platforms.ActiveCfg = Debug|x86
		{0C61AAC1-EE0A-44B4-A204-0C100082B878}.Debug|Mixed Platforms.Build.0 = Debug|x86
		{0C61AAC1-EE0A-44B4-A204-0C100082B878}.Debug|x86.ActiveCfg = Debug|x86
		{0C61AAC1-EE0A-44B4-A204-0C100082B878}.Debug|x86.Build.0 = Debug|x86
		{0C61AAC1-EE0A-44B4-A204-0C100082B878}.Release|Any CPU.ActiveCfg = Release|x86
		{0C61AAC1-EE0A-44B4-A204-0C100082B878}.Release|Mixed Platforms.ActiveCfg = Release|x86
		{0C61AAC1-EE0A-44B4-A204-0C100082B878}.Release|Mixed Platforms.Build.0 = Release|x86
		{0C61AAC1-EE0A-44B4-A204-0C100082B878}.Release|x86.ActiveCfg = Release|x86
		{0C61AAC1-EE0A-44B4-A204-0C100082B878}.Release|x86.Build.0 = Release|x86
		{FBF33D3C-6EB7-4D50-90DA-08B352ED8DAD}.Debug|Any CPU.ActiveCfg = Debug|x86
		{FBF33D3C-6EB7-4D50-90DA-08B352ED8DAD}.Debug|Mixed Platforms.ActiveCfg = Debug|x86
		{FBF33D3C-6EB7-4D50-90DA-08B352ED8DAD}.Debug|Mixed Platforms.Build.0 = Debug|x86
		{FBF33D3C-6EB7-4D50-90DA-08B352ED8DAD}.Debug|x86.ActiveCfg = Debug|x86
		{FBF33D3C-6EB7-4D50-90DA-08B352ED8DAD}.Debug|x86.Build.0 = Debug|x86
		{FBF33D3C-6EB7-4D50-90DA-08B352ED8DAD}.Release|Any CPU.ActiveCfg = Release|x86
		{FBF33D3C-6EB7-4D50-90DA-08B352ED8DAD}.Release|Mixed Platforms.ActiveCfg = Release|x86
		{FBF33D3C-6EB7-4D50-90DA-08B352ED8DAD}.Release|Mixed Platforms.Build.0 = Release|x86
		{FBF33D3C-6EB7-4D50-90DA-08B352ED8DAD}.Release|x86.ActiveCfg = Release|x86
		{FBF33D3C-6EB7-4D50-90DA-08B352ED8DAD}.Release|x86.Build.0 = Release|x86
		{30C0345F-088B-4184-A72E-3950CD57FF34}.Debug|Any CPU.ActiveCfg = Debug|x86
		{30C0345F-088B-4184-A72E-3950CD57FF34}.Debug|Mixed Platforms.ActiveCfg = Debug|x86
		{30C0345F-088B-4184-A72E-3950CD57FF34}.Debug|Mixed Platforms.Build.0 = Debug|x86
		{30C0345F-088B-4184-A72E-3950CD57FF34}.Debug|x86.ActiveCfg = Debug|x86
		{30C0345F-088B-4184-A72E-3950CD57FF34}.Debug|x86.Build.0 = Debug|x86
		{30C0345F-088B-4184-A72E-3950CD57FF34}.Release|Any CPU.ActiveCfg = Release|x86
		{30C0345F-088B-4184-A72E-3950CD57FF34}.Release|Mixed Platforms.ActiveCfg = Release|x86
		{30C0345F-088B-4184-A72E-3950CD57FF34}.Release|Mixed Platforms.Build.0 = Release|x86
		{30C0345F-088B-4184-A72E-3950CD57FF34}.Release|x86.ActiveCfg = Release|x86
		{30C0345F-088B-4184-A72E-3950CD57FF34}.Release|x86.Build.0 = Release|x86
		{CEB1A80C-2B59-4135-AD74-364981C0B637}.Debug|Any CPU.ActiveCfg = Debug|x86
		{CEB1A80C-2B59-4135-AD74-364981C0B637}.Debug|Mixed Platforms.ActiveCfg = Debug|x86
		{CEB1A80C-2B59-4135-AD74-364981C0B637}.Debug|Mixed Platforms.Build.0 = Debug|x86
		{CEB1A80C-2B59-4135-AD74-364981C0B637}.Debug|x86.ActiveCfg = Debug|x86
		{CEB1A80C-2B59-4135-AD74-364981C0B637}.Debug|x86.Build.0 = Debug|x86
		{CEB1A80C-2B59-4135-AD74-364981C0B637}.Release|Any CPU.ActiveCfg = Release|x86
		{CEB1A80C-2B59-4135-AD74-364981C0B637}.Release|Mixed Platforms.ActiveCfg = Release|x86
		{CEB1A80C-2B59-4135-AD74-364981C0B637}.Release|Mixed Platforms.Build.0 = Release|x86
		{CEB1A80C-2B59-4135-AD74-364981C0B637}.Release|x86.ActiveCfg = Release|x86
		{CEB1A80C-2B59-4135-AD74-364981C0B637}.Release|x86.Build.0 = Release|x86
		{C61B9E8E-1C9A-4374-91E6-8120577F0991}.Debug|Any CPU.ActiveCfg = Debug|x86
		{C61B9E8E-1C9A-4374-91E6-8120577F0991}.Debug|Mixed Platforms.ActiveCfg = Debug|x86
		{C61B9E8E-1C9A-4374-91E6-8120577F0991}.Debug|Mixed Platforms.Build.0 = Debug|x86
		{C61B9E8E-1C9A-4374-91E6-8120577F0991}.Debug|x86.ActiveCfg = Debug|x86
		{C61B9E8E-1C9A-4374-91E6-8120577F0991}.Debug|x86.Build.0 = Debug|x86
		{C61B9E8E-1C9A-4374-91E6-8120577F0991}.Release|Any CPU.ActiveCfg = Release|x86
		{C61B9E8E-1C9A-4374-91E6-8120577F0991}.Release|Mixed Platforms.ActiveCfg = Release|x86
		{C61B9E8E-1C9A-4374-91E6-8120577F0991}.Release|Mixed Platforms.Build.0 = Release|x86
		{C61B9E8E-1C9A-4374-91E6-8120577F0991}.Release|x86.ActiveCfg = Release|x86
		{C61B9E8E-1C9A-4374-91E6-8120577F0991}.Release|x86.Build.0 = Release|x86
		{3F01A9DC-7C89-41FD-A758-453E0B50D278}.Debug|Any CPU.ActiveCfg = Debug|x86
		{3F01A9DC-7C89-41FD-A758-453E0B50D278}.Debug|Mixed Platforms.ActiveCfg = Debug|x86
		{3F01A9DC-7C89-41FD-A758-453E0B50D278}.Debug|Mixed Platforms.Build.0 = Debug|x86
		{3F01A9DC-7C89-41FD-A758-453E0B50D278}.Debug|x86.ActiveCfg = Debug|x86
		{3F01A9DC-7C89-41FD-A758-453E0B50D278}.Debug|x86.Build.0 = Debug|x86
		{3F01A9DC-7C89-41FD-A758-453E0B50D278}.Release|Any CPU.ActiveCfg = Release|x86
		{3F01A9DC-7C89-41FD-A758-453E0B50D278}.Release|Mixed Platforms.ActiveCfg = Release|x86
		{3F01A9DC-7C89-41FD-A758-453E0B50D278}.Release|Mixed Platforms.Build.0 = Release|x86
		{3F01A9DC-7C89-41FD-A758-453E0B50D278}.Release|x86.ActiveCfg = Release|x86
		{3F01A9DC-7C89-41FD-A758-453E0B50D278}.Release|x86.Build.0 = Release|x86
		{E77F6123-B1F8-4078-B03F-3C0CF043E08D}.Debug|Any CPU.ActiveCfg = Debug|x86
		{E77F6123-B1F8-4078-B03F-3C0CF043E08D}.Debug|Mixed Platforms.ActiveCfg = Debug|x86
		{E77F6123-B1F8-4078-B03F-3C0CF043E08D}.Debug|Mixed Platforms.Build.0 = Debug|x86
		{E77F6123-B1F8-4078-B03F-3C0CF043E08D}.Debug|x86.ActiveCfg = Debug|x86
		{E77F6123-B1F8-4078-B03F-3C0CF043E08D}.Debug|x86.Build.0 = Debug|x86
		{E77F6123-B1F8-4078-B03F-3C0CF043E08D}.Release|Any CPU.ActiveCfg = Release|x86
		{E77F6123-B1F8-4078-B03F-3C0CF043E08D}.Release|Mixed Platforms.ActiveCfg = Release|x86
		{E77F6123-B1F8-4078-B03F-3C0CF043E08D}.Release|Mixed Platforms.Build.0 = Release|x86
		{E77F6123-B1F8-4078-B03F-3C0CF043E08D}.Release|x86.ActiveCfg = Release|x86
		{E77F6123-B1F8-4078-B03F-3C0CF043E08D}.Release|x86.Build.0 = Release|x86
		{9460A0BD-51FE-400E-B9E4-5A6931E16063}.Debug|Any CPU.ActiveCfg = Debug|x86
		{9460A0BD-51FE-400E-B9E4-5A6931E16063}.Debug|Mixed Platforms.ActiveCfg = Debug|x86
		{9460A0BD-51FE-400E-B9E4-5A6931E16063}.Debug|Mixed Platforms.Build.0 = Debug|x86
		{9460A0BD-51FE-400E-B9E4-5A6931E16063}.Debug|x86.ActiveCfg = Debug|x86
		{9460A0BD-51FE-400E-B9E4-5A6931E16063}.Debug|x86.Build.0 = Debug|x86
		{9460A0BD-51FE-400E-B9E4-5A6931E16063}.Release|Any CPU.ActiveCfg = Release|x86
		{9460A0BD-51FE-400E-B9E4-5A6931E16063}.Release|Mixed Platforms.ActiveCfg = Release|x86
		{9460A0BD-51FE-400E-B9E4-5A6931E16063}.Release|Mixed Platforms.Build.0 = Release|x86
		{9460A0BD-51FE-400E-B9E4-5A6931E16063}.Release|x86.ActiveCfg = Release|x86
		{9460A0BD-51FE-400E-B9E4-5A6931E16063}.Release|x86.Build.0 = Release|x86
		{FDDEA28B-7357-4EDE-AFCD-8B6841221626}.Debug|Any CPU.ActiveCfg = Debug|x86
		{FDDEA28B-7357-4EDE-AFCD-8B6841221626}.Debug|Mixed Platforms.ActiveCfg = Debug|x86
		{FDDEA28B-7357-4EDE-AFCD-8B6841221626}.Debug|Mixed Platforms.Build.0 = Debug|x86
		{FDDEA28B-7357-4EDE-AFCD-8B6841221626}.Debug|x86.ActiveCfg = Debug|x86
		{FDDEA28B-7357-4EDE-AFCD-8B6841221626}.Debug|x86.Build.0 = Debug|x86
		{FDDEA28B-7357-4EDE-AFCD-8B6841221626}.Release|Any CPU.ActiveCfg = Release|x86
		{FDDEA28B-7357-4EDE-AFCD-8B6841221626}.Release|Mixed Platforms.ActiveCfg = Release|x86
		{FDDEA28B-7357-4EDE-AFCD-8B6841221626}.Release|Mixed Platforms.Build.0 = Release|x86
		{FDDEA28B-7357-4EDE-AFCD-8B6841221626}.Release|x86.ActiveCfg = Release|x86
		{FDDEA28B-7357-4EDE-AFCD-8B6841221626}.Release|x86.Build.0 = Release|x86
		{CD97CEED-4D08-4D5A-A29C-299E47E0A9B7}.Debug|Any CPU.ActiveCfg = Debug|Any CPU
		{CD97CEED-4D08-4D5A-A29C-299E47E0A9B7}.Debug|Any CPU.Build.0 = Debug|Any CPU
		{CD97CEED-4D08-4D5A-A29C-299E47E0A9B7}.Debug|Mixed Platforms.ActiveCfg = Debug|Any CPU
		{CD97CEED-4D08-4D5A-A29C-299E47E0A9B7}.Debug|Mixed Platforms.Build.0 = Debug|Any CPU
		{CD97CEED-4D08-4D5A-A29C-299E47E0A9B7}.Debug|x86.ActiveCfg = Debug|Any CPU
		{CD97CEED-4D08-4D5A-A29C-299E47E0A9B7}.Release|Any CPU.ActiveCfg = Release|Any CPU
		{CD97CEED-4D08-4D5A-A29C-299E47E0A9B7}.Release|Any CPU.Build.0 = Release|Any CPU
		{CD97CEED-4D08-4D5A-A29C-299E47E0A9B7}.Release|Mixed Platforms.ActiveCfg = Release|Any CPU
		{CD97CEED-4D08-4D5A-A29C-299E47E0A9B7}.Release|Mixed Platforms.Build.0 = Release|Any CPU
		{CD97CEED-4D08-4D5A-A29C-299E47E0A9B7}.Release|x86.ActiveCfg = Release|Any CPU
		{9C11CAE5-5188-4E71-825B-68FC3135728A}.Debug|Any CPU.ActiveCfg = Debug|Any CPU
		{9C11CAE5-5188-4E71-825B-68FC3135728A}.Debug|Any CPU.Build.0 = Debug|Any CPU
		{9C11CAE5-5188-4E71-825B-68FC3135728A}.Debug|Mixed Platforms.ActiveCfg = Debug|Any CPU
		{9C11CAE5-5188-4E71-825B-68FC3135728A}.Debug|Mixed Platforms.Build.0 = Debug|Any CPU
		{9C11CAE5-5188-4E71-825B-68FC3135728A}.Debug|x86.ActiveCfg = Debug|Any CPU
		{9C11CAE5-5188-4E71-825B-68FC3135728A}.Release|Any CPU.ActiveCfg = Release|Any CPU
		{9C11CAE5-5188-4E71-825B-68FC3135728A}.Release|Any CPU.Build.0 = Release|Any CPU
		{9C11CAE5-5188-4E71-825B-68FC3135728A}.Release|Mixed Platforms.ActiveCfg = Release|Any CPU
		{9C11CAE5-5188-4E71-825B-68FC3135728A}.Release|Mixed Platforms.Build.0 = Release|Any CPU
		{9C11CAE5-5188-4E71-825B-68FC3135728A}.Release|x86.ActiveCfg = Release|Any CPU
	EndGlobalSection
	GlobalSection(SolutionProperties) = preSolution
		HideSolutionNode = FALSE
	EndGlobalSection
EndGlobal
